
Microsoft Visual Studio Solution File, Format Version 12.00
# Visual Studio Version 17
VisualStudioVersion = 17.3.32819.101
MinimumVisualStudioVersion = 10.0.40219.1
Project("{FAE04EC0-301F-11D3-BF4B-00C04F79EFBC}") = "WindowsForms_TARpv21", "WindowsForms_TARpv21\WindowsForms_TARpv21.csproj", "{2EBB2819-8708-49E6-8B52-3729693CF374}"
EndProject
Global
	GlobalSection(SolutionConfigurationPlatforms) = preSolution
		Debug|Any CPU = Debug|Any CPU
		Release|Any CPU = Release|Any CPU
	EndGlobalSection
	GlobalSection(ProjectConfigurationPlatforms) = postSolution
		{2EBB2819-8708-49E6-8B52-3729693CF374}.Debug|Any CPU.ActiveCfg = Debug|Any CPU
		{2EBB2819-8708-49E6-8B52-3729693CF374}.Debug|Any CPU.Build.0 = Debug|Any CPU
		{2EBB2819-8708-49E6-8B52-3729693CF374}.Release|Any CPU.ActiveCfg = Release|Any CPU
		{2EBB2819-8708-49E6-8B52-3729693CF374}.Release|Any CPU.Build.0 = Release|Any CPU
	EndGlobalSection
	GlobalSection(SolutionProperties) = preSolution
		HideSolutionNode = FALSE
	EndGlobalSection
	GlobalSection(ExtensibilityGlobals) = postSolution
		SolutionGuid = {0F67817B-548E-487B-BE30-F86B8CFFD4F6}
	EndGlobalSection
EndGlobal
